{
  "requires": true,
  "lockfileVersion": 1,
  "dependencies": {
    "pspdfkit": {
      "version": "2021.4.2",
      "resolved": "https://registry.npmjs.org/pspdfkit/-/pspdfkit-2021.4.2.tgz",
      "integrity": "sha512-7eS/qXch4azzqf5EoaTuXTTBnXIHuQlEnS36jo20OjWks7o2dU86FrCyCnPOwQN/oIs4Lnk2roG1o6s6Qr/zKQ=="
    }
  }
}
